
Microsoft Visual Studio Solution File, Format Version 12.00
# Visual Studio Version 17
VisualStudioVersion = 17.3.32901.215
MinimumVisualStudioVersion = 10.0.40219.1
Project("{FAE04EC0-301F-11D3-BF4B-00C04F79EFBC}") = "random örnekleri 2_1681", "random örnekleri 2_1681\random örnekleri 2_1681.csproj", "{464F452E-1DF6-42B7-8A7C-C4DD58FD7381}"
EndProject
Global
	GlobalSection(SolutionConfigurationPlatforms) = preSolution
		Debug|Any CPU = Debug|Any CPU
		Release|Any CPU = Release|Any CPU
	EndGlobalSection
	GlobalSection(ProjectConfigurationPlatforms) = postSolution
		{464F452E-1DF6-42B7-8A7C-C4DD58FD7381}.Debug|Any CPU.ActiveCfg = Debug|Any CPU
		{464F452E-1DF6-42B7-8A7C-C4DD58FD7381}.Debug|Any CPU.Build.0 = Debug|Any CPU
		{464F452E-1DF6-42B7-8A7C-C4DD58FD7381}.Release|Any CPU.ActiveCfg = Release|Any CPU
		{464F452E-1DF6-42B7-8A7C-C4DD58FD7381}.Release|Any CPU.Build.0 = Release|Any CPU
	EndGlobalSection
	GlobalSection(SolutionProperties) = preSolution
		HideSolutionNode = FALSE
	EndGlobalSection
	GlobalSection(ExtensibilityGlobals) = postSolution
		SolutionGuid = {10D70703-6022-47C3-91B4-01D52E7891BD}
	EndGlobalSection
EndGlobal
